
Microsoft Visual Studio Solution File, Format Version 12.00
# Visual Studio Version 16
VisualStudioVersion = 16.0.32106.194
MinimumVisualStudioVersion = 10.0.40219.1
Project("{FAE04EC0-301F-11D3-BF4B-00C04F79EFBC}") = "PXLNews", "PXLNews\PXLNews.csproj", "{195C04BF-6259-44B2-ABD9-D160D307552E}"
EndProject
Project("{FAE04EC0-301F-11D3-BF4B-00C04F79EFBC}") = "NewsClassLibrary", "NewsClassLibrary\NewsClassLibrary.csproj", "{3719FCAB-E437-441E-B2CF-25ED0B744A21}"
EndProject
Global
	GlobalSection(SolutionConfigurationPlatforms) = preSolution
		Debug|Any CPU = Debug|Any CPU
		Release|Any CPU = Release|Any CPU
	EndGlobalSection
	GlobalSection(ProjectConfigurationPlatforms) = postSolution
		{195C04BF-6259-44B2-ABD9-D160D307552E}.Debug|Any CPU.ActiveCfg = Debug|Any CPU
		{195C04BF-6259-44B2-ABD9-D160D307552E}.Debug|Any CPU.Build.0 = Debug|Any CPU
		{195C04BF-6259-44B2-ABD9-D160D307552E}.Release|Any CPU.ActiveCfg = Release|Any CPU
		{195C04BF-6259-44B2-ABD9-D160D307552E}.Release|Any CPU.Build.0 = Release|Any CPU
		{3719FCAB-E437-441E-B2CF-25ED0B744A21}.Debug|Any CPU.ActiveCfg = Debug|Any CPU
		{3719FCAB-E437-441E-B2CF-25ED0B744A21}.Debug|Any CPU.Build.0 = Debug|Any CPU
		{3719FCAB-E437-441E-B2CF-25ED0B744A21}.Release|Any CPU.ActiveCfg = Release|Any CPU
		{3719FCAB-E437-441E-B2CF-25ED0B744A21}.Release|Any CPU.Build.0 = Release|Any CPU
	EndGlobalSection
	GlobalSection(SolutionProperties) = preSolution
		HideSolutionNode = FALSE
	EndGlobalSection
	GlobalSection(ExtensibilityGlobals) = postSolution
		SolutionGuid = {0BCF3A3B-CF22-40A9-A611-20AEADACAFF7}
	EndGlobalSection
EndGlobal
